
Microsoft Visual Studio Solution File, Format Version 12.00
Project("{2150E333-8FDC-42A3-9474-1A3956D46DE8}") = "UnitTests", "UnitTests", "{B97A3DD6-0A9B-4019-B642-C8F4AF623C69}"
EndProject
Project("{F2A71F9B-5D33-465A-A702-920D77279786}") = "FunSharp.ArtStudio.Client", "Source\FunSharp.ArtStudio.Client\FunSharp.ArtStudio.Client.fsproj", "{CFC1EEC3-0237-431E-BE17-661BB74FA5F5}"
EndProject
Project("{2150E333-8FDC-42A3-9474-1A3956D46DE8}") = "Libraries", "Libraries", "{2FA43C04-97AA-4910-ADD0-53173AB4F9C2}"
EndProject
Project("{F2A71F9B-5D33-465A-A702-920D77279786}") = "FunSharp.ArtStudio.Server", "Source\FunSharp.ArtStudio.Server\FunSharp.ArtStudio.Server.fsproj", "{F247836B-00D5-4E3C-BBD8-CC62908915D0}"
EndProject
Project("{F2A71F9B-5D33-465A-A702-920D77279786}") = "FunSharp.ArtStudio.Utilities", "Source\FunSharp.ArtStudio.Utilities\FunSharp.ArtStudio.Utilities.fsproj", "{613E254C-61F4-4F29-9169-0716B82E1534}"
EndProject
Project("{F2A71F9B-5D33-465A-A702-920D77279786}") = "FunSharp.DeviantArt.Api", "Source\FunSharp.DeviantArt.Api\FunSharp.DeviantArt.Api.fsproj", "{B0FD4CD9-65E5-410A-B654-5DF8FF491592}"
EndProject
Project("{F2A71F9B-5D33-465A-A702-920D77279786}") = "FunSharp.DeviantArt.Api.Test", "Source\FunSharp.DeviantArt.Api.Test\FunSharp.DeviantArt.Api.Test.fsproj", "{91555F1D-F0D0-43FE-AFF8-539A2FDCCA3C}"
EndProject
Project("{F2A71F9B-5D33-465A-A702-920D77279786}") = "FunSharp.ArtStudio.Model", "Source\FunSharp.ArtStudio.Model\FunSharp.ArtStudio.Model.fsproj", "{DCA3C166-0672-4232-A09C-EDDAF26605A0}"
EndProject
Project("{F2A71F9B-5D33-465A-A702-920D77279786}") = "FunSharp.OpenAI.Api", "Source\FunSharp.OpenAI.Api\FunSharp.OpenAI.Api.fsproj", "{966C858C-8852-437B-A73D-ECBBBBC7EACD}"
EndProject
Project("{F2A71F9B-5D33-465A-A702-920D77279786}") = "FunSharp.OpenAI.Api.Test", "Source\FunSharp.OpenAI.Api.Test\FunSharp.OpenAI.Api.Test.fsproj", "{27D74E7C-D9D9-4D3D-8890-35B31426CE55}"
EndProject
Project("{F2A71F9B-5D33-465A-A702-920D77279786}") = "FunSharp.Http", "Source\FunSharp.Http\FunSharp.Http.fsproj", "{9FEC4E08-856A-4D60-BA69-DDDD1F7AF6C7}"
EndProject
Project("{F2A71F9B-5D33-465A-A702-920D77279786}") = "FunSharp.Http.Test", "Source\FunSharp.Http.Test\FunSharp.Http.Test.fsproj", "{1EED5FCE-53EE-41A0-BADA-6C3353B39818}"
EndProject
Project("{F2A71F9B-5D33-465A-A702-920D77279786}") = "FunSharp.Blazor.Components", "Source\FunSharp.Blazor.Components\FunSharp.Blazor.Components.fsproj", "{90F83068-DDD4-4474-9789-E4F1C055E4F8}"
EndProject
Project("{F2A71F9B-5D33-465A-A702-920D77279786}") = "FunSharp.Common", "Source\FunSharp.Common\FunSharp.Common.fsproj", "{BC3D5B4B-593E-4EF9-AC8F-7F02E6FB0A3E}"
EndProject
Project("{F2A71F9B-5D33-465A-A702-920D77279786}") = "FunSharp.Data", "Source\FunSharp.Data\FunSharp.Data.fsproj", "{DCC5D860-CF1C-4977-85B9-4699F92E3A53}"
EndProject
Project("{F2A71F9B-5D33-465A-A702-920D77279786}") = "FunSharp.Common.Test", "Source\FunSharp.Common.Test\FunSharp.Common.Test.fsproj", "{FBD0349B-7CFE-4E29-9321-D92C836B395B}"
EndProject
Project("{F2A71F9B-5D33-465A-A702-920D77279786}") = "FunSharp.Data.Test", "Source\FunSharp.Data.Test\FunSharp.Data.Test.fsproj", "{491C0E7C-9ABE-4E82-876A-55D7E5508952}"
EndProject
Global
	GlobalSection(SolutionConfigurationPlatforms) = preSolution
		Debug|Any CPU = Debug|Any CPU
		Release|Any CPU = Release|Any CPU
	EndGlobalSection
	GlobalSection(ProjectConfigurationPlatforms) = postSolution
		{CFC1EEC3-0237-431E-BE17-661BB74FA5F5}.Debug|Any CPU.ActiveCfg = Debug|Any CPU
		{CFC1EEC3-0237-431E-BE17-661BB74FA5F5}.Release|Any CPU.ActiveCfg = Release|Any CPU
		{CFC1EEC3-0237-431E-BE17-661BB74FA5F5}.Release|Any CPU.Build.0 = Release|Any CPU
		{CFC1EEC3-0237-431E-BE17-661BB74FA5F5}.Debug|Any CPU.Build.0 = Debug|Any CPU
		{F247836B-00D5-4E3C-BBD8-CC62908915D0}.Debug|Any CPU.ActiveCfg = Debug|Any CPU
		{F247836B-00D5-4E3C-BBD8-CC62908915D0}.Release|Any CPU.ActiveCfg = Release|Any CPU
		{F247836B-00D5-4E3C-BBD8-CC62908915D0}.Release|Any CPU.Build.0 = Release|Any CPU
		{F247836B-00D5-4E3C-BBD8-CC62908915D0}.Debug|Any CPU.Build.0 = Debug|Any CPU
		{613E254C-61F4-4F29-9169-0716B82E1534}.Debug|Any CPU.ActiveCfg = Debug|Any CPU
		{613E254C-61F4-4F29-9169-0716B82E1534}.Release|Any CPU.ActiveCfg = Release|Any CPU
		{613E254C-61F4-4F29-9169-0716B82E1534}.Release|Any CPU.Build.0 = Release|Any CPU
		{613E254C-61F4-4F29-9169-0716B82E1534}.Debug|Any CPU.Build.0 = Debug|Any CPU
		{B0FD4CD9-65E5-410A-B654-5DF8FF491592}.Debug|Any CPU.ActiveCfg = Debug|Any CPU
		{B0FD4CD9-65E5-410A-B654-5DF8FF491592}.Debug|Any CPU.Build.0 = Debug|Any CPU
		{B0FD4CD9-65E5-410A-B654-5DF8FF491592}.Release|Any CPU.ActiveCfg = Release|Any CPU
		{B0FD4CD9-65E5-410A-B654-5DF8FF491592}.Release|Any CPU.Build.0 = Release|Any CPU
		{91555F1D-F0D0-43FE-AFF8-539A2FDCCA3C}.Debug|Any CPU.ActiveCfg = Debug|Any CPU
		{91555F1D-F0D0-43FE-AFF8-539A2FDCCA3C}.Debug|Any CPU.Build.0 = Debug|Any CPU
		{91555F1D-F0D0-43FE-AFF8-539A2FDCCA3C}.Release|Any CPU.ActiveCfg = Release|Any CPU
		{91555F1D-F0D0-43FE-AFF8-539A2FDCCA3C}.Release|Any CPU.Build.0 = Release|Any CPU
		{DCA3C166-0672-4232-A09C-EDDAF26605A0}.Debug|Any CPU.ActiveCfg = Debug|Any CPU
		{DCA3C166-0672-4232-A09C-EDDAF26605A0}.Debug|Any CPU.Build.0 = Debug|Any CPU
		{DCA3C166-0672-4232-A09C-EDDAF26605A0}.Release|Any CPU.ActiveCfg = Release|Any CPU
		{DCA3C166-0672-4232-A09C-EDDAF26605A0}.Release|Any CPU.Build.0 = Release|Any CPU
		{966C858C-8852-437B-A73D-ECBBBBC7EACD}.Debug|Any CPU.ActiveCfg = Debug|Any CPU
		{966C858C-8852-437B-A73D-ECBBBBC7EACD}.Debug|Any CPU.Build.0 = Debug|Any CPU
		{966C858C-8852-437B-A73D-ECBBBBC7EACD}.Release|Any CPU.ActiveCfg = Release|Any CPU
		{966C858C-8852-437B-A73D-ECBBBBC7EACD}.Release|Any CPU.Build.0 = Release|Any CPU
		{27D74E7C-D9D9-4D3D-8890-35B31426CE55}.Debug|Any CPU.ActiveCfg = Debug|Any CPU
		{27D74E7C-D9D9-4D3D-8890-35B31426CE55}.Debug|Any CPU.Build.0 = Debug|Any CPU
		{27D74E7C-D9D9-4D3D-8890-35B31426CE55}.Release|Any CPU.ActiveCfg = Release|Any CPU
		{27D74E7C-D9D9-4D3D-8890-35B31426CE55}.Release|Any CPU.Build.0 = Release|Any CPU
		{9FEC4E08-856A-4D60-BA69-DDDD1F7AF6C7}.Debug|Any CPU.ActiveCfg = Debug|Any CPU
		{9FEC4E08-856A-4D60-BA69-DDDD1F7AF6C7}.Debug|Any CPU.Build.0 = Debug|Any CPU
		{9FEC4E08-856A-4D60-BA69-DDDD1F7AF6C7}.Release|Any CPU.ActiveCfg = Release|Any CPU
		{9FEC4E08-856A-4D60-BA69-DDDD1F7AF6C7}.Release|Any CPU.Build.0 = Release|Any CPU
		{1EED5FCE-53EE-41A0-BADA-6C3353B39818}.Debug|Any CPU.ActiveCfg = Debug|Any CPU
		{1EED5FCE-53EE-41A0-BADA-6C3353B39818}.Debug|Any CPU.Build.0 = Debug|Any CPU
		{1EED5FCE-53EE-41A0-BADA-6C3353B39818}.Release|Any CPU.ActiveCfg = Release|Any CPU
		{1EED5FCE-53EE-41A0-BADA-6C3353B39818}.Release|Any CPU.Build.0 = Release|Any CPU
		{90F83068-DDD4-4474-9789-E4F1C055E4F8}.Debug|Any CPU.ActiveCfg = Debug|Any CPU
		{90F83068-DDD4-4474-9789-E4F1C055E4F8}.Debug|Any CPU.Build.0 = Debug|Any CPU
		{90F83068-DDD4-4474-9789-E4F1C055E4F8}.Release|Any CPU.ActiveCfg = Release|Any CPU
		{90F83068-DDD4-4474-9789-E4F1C055E4F8}.Release|Any CPU.Build.0 = Release|Any CPU
		{BC3D5B4B-593E-4EF9-AC8F-7F02E6FB0A3E}.Debug|Any CPU.ActiveCfg = Debug|Any CPU
		{BC3D5B4B-593E-4EF9-AC8F-7F02E6FB0A3E}.Debug|Any CPU.Build.0 = Debug|Any CPU
		{BC3D5B4B-593E-4EF9-AC8F-7F02E6FB0A3E}.Release|Any CPU.ActiveCfg = Release|Any CPU
		{BC3D5B4B-593E-4EF9-AC8F-7F02E6FB0A3E}.Release|Any CPU.Build.0 = Release|Any CPU
		{DCC5D860-CF1C-4977-85B9-4699F92E3A53}.Debug|Any CPU.ActiveCfg = Debug|Any CPU
		{DCC5D860-CF1C-4977-85B9-4699F92E3A53}.Debug|Any CPU.Build.0 = Debug|Any CPU
		{DCC5D860-CF1C-4977-85B9-4699F92E3A53}.Release|Any CPU.ActiveCfg = Release|Any CPU
		{DCC5D860-CF1C-4977-85B9-4699F92E3A53}.Release|Any CPU.Build.0 = Release|Any CPU
		{FBD0349B-7CFE-4E29-9321-D92C836B395B}.Debug|Any CPU.ActiveCfg = Debug|Any CPU
		{FBD0349B-7CFE-4E29-9321-D92C836B395B}.Debug|Any CPU.Build.0 = Debug|Any CPU
		{FBD0349B-7CFE-4E29-9321-D92C836B395B}.Release|Any CPU.ActiveCfg = Release|Any CPU
		{FBD0349B-7CFE-4E29-9321-D92C836B395B}.Release|Any CPU.Build.0 = Release|Any CPU
		{491C0E7C-9ABE-4E82-876A-55D7E5508952}.Debug|Any CPU.ActiveCfg = Debug|Any CPU
		{491C0E7C-9ABE-4E82-876A-55D7E5508952}.Debug|Any CPU.Build.0 = Debug|Any CPU
		{491C0E7C-9ABE-4E82-876A-55D7E5508952}.Release|Any CPU.ActiveCfg = Release|Any CPU
		{491C0E7C-9ABE-4E82-876A-55D7E5508952}.Release|Any CPU.Build.0 = Release|Any CPU
	EndGlobalSection
	GlobalSection(NestedProjects) = preSolution
		{91555F1D-F0D0-43FE-AFF8-539A2FDCCA3C} = {B97A3DD6-0A9B-4019-B642-C8F4AF623C69}
		{966C858C-8852-437B-A73D-ECBBBBC7EACD} = {2FA43C04-97AA-4910-ADD0-53173AB4F9C2}
		{27D74E7C-D9D9-4D3D-8890-35B31426CE55} = {B97A3DD6-0A9B-4019-B642-C8F4AF623C69}
		{9FEC4E08-856A-4D60-BA69-DDDD1F7AF6C7} = {2FA43C04-97AA-4910-ADD0-53173AB4F9C2}
		{1EED5FCE-53EE-41A0-BADA-6C3353B39818} = {B97A3DD6-0A9B-4019-B642-C8F4AF623C69}
		{B0FD4CD9-65E5-410A-B654-5DF8FF491592} = {2FA43C04-97AA-4910-ADD0-53173AB4F9C2}
		{90F83068-DDD4-4474-9789-E4F1C055E4F8} = {2FA43C04-97AA-4910-ADD0-53173AB4F9C2}
		{BC3D5B4B-593E-4EF9-AC8F-7F02E6FB0A3E} = {2FA43C04-97AA-4910-ADD0-53173AB4F9C2}
		{DCC5D860-CF1C-4977-85B9-4699F92E3A53} = {2FA43C04-97AA-4910-ADD0-53173AB4F9C2}
		{FBD0349B-7CFE-4E29-9321-D92C836B395B} = {B97A3DD6-0A9B-4019-B642-C8F4AF623C69}
		{491C0E7C-9ABE-4E82-876A-55D7E5508952} = {B97A3DD6-0A9B-4019-B642-C8F4AF623C69}
	EndGlobalSection
EndGlobal
