
Microsoft Visual Studio Solution File, Format Version 12.00
Project("{F2A71F9B-5D33-465A-A702-920D77279786}") = "FunSharp.DeviantArt", "Source\FunSharp.DeviantArt\FunSharp.DeviantArt.fsproj", "{DED8D59C-5A74-4A35-AF21-F05BA4442B9A}"
EndProject
Project("{2150E333-8FDC-42A3-9474-1A3956D46DE8}") = "Tests", "Tests", "{B97A3DD6-0A9B-4019-B642-C8F4AF623C69}"
EndProject
Project("{F2A71F9B-5D33-465A-A702-920D77279786}") = "FunSharp.DeviantArt.Api.Test", "Source\FunSharp.DeviantArt.Api.Test\FunSharp.DeviantArt.Api.Test.fsproj", "{3151693C-42C5-4446-9C80-EBB97DF2C5A6}"
EndProject
Project("{F2A71F9B-5D33-465A-A702-920D77279786}") = "FunSharp.DeviantArt.Api", "Source\FunSharp.DeviantArt.Api\FunSharp.DeviantArt.Api.fsproj", "{0115275A-76F7-43F3-B292-EB52DB9325F5}"
EndProject
Project("{F2A71F9B-5D33-465A-A702-920D77279786}") = "FunSharp.Common", "Source\FunSharp.Common\FunSharp.Common.fsproj", "{EC32BBD9-28A4-4928-B6EB-904154FE458C}"
EndProject
Project("{F2A71F9B-5D33-465A-A702-920D77279786}") = "FunSharp.Data.Test", "Source\FunSharp.Data.Test\FunSharp.Data.Test.fsproj", "{B8BFABB7-9E55-46A7-86DF-8CCF1B6801CE}"
EndProject
Project("{F2A71F9B-5D33-465A-A702-920D77279786}") = "FunSharp.Data", "Source\FunSharp.Data\FunSharp.Data.fsproj", "{A97F7150-297E-450A-93FA-C0400AE37DD9}"
EndProject
Project("{F2A71F9B-5D33-465A-A702-920D77279786}") = "FunSharp.DeviantArt.Manager", "Source\FunSharp.DeviantArt.Manager\FunSharp.DeviantArt.Manager.fsproj", "{CFC1EEC3-0237-431E-BE17-661BB74FA5F5}"
EndProject
Project("{2150E333-8FDC-42A3-9474-1A3956D46DE8}") = "External", "External", "{2FA43C04-97AA-4910-ADD0-53173AB4F9C2}"
EndProject
Project("{FAE04EC0-301F-11D3-BF4B-00C04F79EFBC}") = "Plk.Blazor.DragDrop", "External\blazor-dragdrop\Plk.Blazor.DragDrop\Plk.Blazor.DragDrop.csproj", "{9CE6DB66-2BC3-46CE-8647-A0700A0E634A}"
EndProject
Project("{FAE04EC0-301F-11D3-BF4B-00C04F79EFBC}") = "Plk.Blazor.DragDrop.Test", "External\blazor-dragdrop\Plk.Blazor.DragDrop.Test\Plk.Blazor.DragDrop.Test.csproj", "{DEADDE7D-9D75-4717-87EE-FE4219E63983}"
EndProject
Project("{F2A71F9B-5D33-465A-A702-920D77279786}") = "FunSharp.DeviantArt.Authenticator", "Source\FunSharp.DeviantArt.Authenticator\FunSharp.DeviantArt.Authenticator.fsproj", "{8665B6CA-21D1-43AE-A564-727471B5F76B}"
EndProject
Global
	GlobalSection(SolutionConfigurationPlatforms) = preSolution
		Debug|Any CPU = Debug|Any CPU
		Release|Any CPU = Release|Any CPU
	EndGlobalSection
	GlobalSection(ProjectConfigurationPlatforms) = postSolution
		{DED8D59C-5A74-4A35-AF21-F05BA4442B9A}.Debug|Any CPU.ActiveCfg = Debug|Any CPU
		{DED8D59C-5A74-4A35-AF21-F05BA4442B9A}.Debug|Any CPU.Build.0 = Debug|Any CPU
		{DED8D59C-5A74-4A35-AF21-F05BA4442B9A}.Release|Any CPU.ActiveCfg = Release|Any CPU
		{DED8D59C-5A74-4A35-AF21-F05BA4442B9A}.Release|Any CPU.Build.0 = Release|Any CPU
		{3151693C-42C5-4446-9C80-EBB97DF2C5A6}.Debug|Any CPU.ActiveCfg = Debug|Any CPU
		{3151693C-42C5-4446-9C80-EBB97DF2C5A6}.Release|Any CPU.ActiveCfg = Release|Any CPU
		{3151693C-42C5-4446-9C80-EBB97DF2C5A6}.Debug|Any CPU.Build.0 = Debug|Any CPU
		{0115275A-76F7-43F3-B292-EB52DB9325F5}.Debug|Any CPU.ActiveCfg = Debug|Any CPU
		{0115275A-76F7-43F3-B292-EB52DB9325F5}.Debug|Any CPU.Build.0 = Debug|Any CPU
		{0115275A-76F7-43F3-B292-EB52DB9325F5}.Release|Any CPU.ActiveCfg = Release|Any CPU
		{0115275A-76F7-43F3-B292-EB52DB9325F5}.Release|Any CPU.Build.0 = Release|Any CPU
		{EC32BBD9-28A4-4928-B6EB-904154FE458C}.Debug|Any CPU.ActiveCfg = Debug|Any CPU
		{EC32BBD9-28A4-4928-B6EB-904154FE458C}.Debug|Any CPU.Build.0 = Debug|Any CPU
		{EC32BBD9-28A4-4928-B6EB-904154FE458C}.Release|Any CPU.ActiveCfg = Release|Any CPU
		{EC32BBD9-28A4-4928-B6EB-904154FE458C}.Release|Any CPU.Build.0 = Release|Any CPU
		{B8BFABB7-9E55-46A7-86DF-8CCF1B6801CE}.Debug|Any CPU.ActiveCfg = Debug|Any CPU
		{B8BFABB7-9E55-46A7-86DF-8CCF1B6801CE}.Debug|Any CPU.Build.0 = Debug|Any CPU
		{B8BFABB7-9E55-46A7-86DF-8CCF1B6801CE}.Release|Any CPU.ActiveCfg = Release|Any CPU
		{B8BFABB7-9E55-46A7-86DF-8CCF1B6801CE}.Release|Any CPU.Build.0 = Release|Any CPU
		{A97F7150-297E-450A-93FA-C0400AE37DD9}.Debug|Any CPU.ActiveCfg = Debug|Any CPU
		{A97F7150-297E-450A-93FA-C0400AE37DD9}.Debug|Any CPU.Build.0 = Debug|Any CPU
		{A97F7150-297E-450A-93FA-C0400AE37DD9}.Release|Any CPU.ActiveCfg = Release|Any CPU
		{A97F7150-297E-450A-93FA-C0400AE37DD9}.Release|Any CPU.Build.0 = Release|Any CPU
		{CFC1EEC3-0237-431E-BE17-661BB74FA5F5}.Debug|Any CPU.ActiveCfg = Debug|Any CPU
		{CFC1EEC3-0237-431E-BE17-661BB74FA5F5}.Debug|Any CPU.Build.0 = Debug|Any CPU
		{CFC1EEC3-0237-431E-BE17-661BB74FA5F5}.Release|Any CPU.ActiveCfg = Release|Any CPU
		{CFC1EEC3-0237-431E-BE17-661BB74FA5F5}.Release|Any CPU.Build.0 = Release|Any CPU
		{9CE6DB66-2BC3-46CE-8647-A0700A0E634A}.Debug|Any CPU.ActiveCfg = Debug|Any CPU
		{9CE6DB66-2BC3-46CE-8647-A0700A0E634A}.Debug|Any CPU.Build.0 = Debug|Any CPU
		{9CE6DB66-2BC3-46CE-8647-A0700A0E634A}.Release|Any CPU.ActiveCfg = Release|Any CPU
		{9CE6DB66-2BC3-46CE-8647-A0700A0E634A}.Release|Any CPU.Build.0 = Release|Any CPU
		{DEADDE7D-9D75-4717-87EE-FE4219E63983}.Debug|Any CPU.ActiveCfg = Debug|Any CPU
		{DEADDE7D-9D75-4717-87EE-FE4219E63983}.Debug|Any CPU.Build.0 = Debug|Any CPU
		{DEADDE7D-9D75-4717-87EE-FE4219E63983}.Release|Any CPU.ActiveCfg = Release|Any CPU
		{DEADDE7D-9D75-4717-87EE-FE4219E63983}.Release|Any CPU.Build.0 = Release|Any CPU
		{8665B6CA-21D1-43AE-A564-727471B5F76B}.Debug|Any CPU.ActiveCfg = Debug|Any CPU
		{8665B6CA-21D1-43AE-A564-727471B5F76B}.Debug|Any CPU.Build.0 = Debug|Any CPU
		{8665B6CA-21D1-43AE-A564-727471B5F76B}.Release|Any CPU.ActiveCfg = Release|Any CPU
		{8665B6CA-21D1-43AE-A564-727471B5F76B}.Release|Any CPU.Build.0 = Release|Any CPU
	EndGlobalSection
	GlobalSection(NestedProjects) = preSolution
		{3151693C-42C5-4446-9C80-EBB97DF2C5A6} = {B97A3DD6-0A9B-4019-B642-C8F4AF623C69}
		{B8BFABB7-9E55-46A7-86DF-8CCF1B6801CE} = {B97A3DD6-0A9B-4019-B642-C8F4AF623C69}
		{9CE6DB66-2BC3-46CE-8647-A0700A0E634A} = {2FA43C04-97AA-4910-ADD0-53173AB4F9C2}
		{DEADDE7D-9D75-4717-87EE-FE4219E63983} = {B97A3DD6-0A9B-4019-B642-C8F4AF623C69}
	EndGlobalSection
EndGlobal
